
Microsoft Visual Studio Solution File, Format Version 12.00
# Visual Studio Version 17
VisualStudioVersion = 17.3.32922.545
MinimumVisualStudioVersion = 10.0.40219.1
Project("{FAE04EC0-301F-11D3-BF4B-00C04F79EFBC}") = "Mars Project", "Mars Project\Mars Project.csproj", "{C8B84363-679C-44E6-B743-789275FCDB7D}"
EndProject
Global
	GlobalSection(SolutionConfigurationPlatforms) = preSolution
		Debug|Any CPU = Debug|Any CPU
		Release|Any CPU = Release|Any CPU
	EndGlobalSection
	GlobalSection(ProjectConfigurationPlatforms) = postSolution
		{C8B84363-679C-44E6-B743-789275FCDB7D}.Debug|Any CPU.ActiveCfg = Debug|Any CPU
		{C8B84363-679C-44E6-B743-789275FCDB7D}.Debug|Any CPU.Build.0 = Debug|Any CPU
		{C8B84363-679C-44E6-B743-789275FCDB7D}.Release|Any CPU.ActiveCfg = Release|Any CPU
		{C8B84363-679C-44E6-B743-789275FCDB7D}.Release|Any CPU.Build.0 = Release|Any CPU
	EndGlobalSection
	GlobalSection(SolutionProperties) = preSolution
		HideSolutionNode = FALSE
	EndGlobalSection
	GlobalSection(ExtensibilityGlobals) = postSolution
		SolutionGuid = {13E8C87E-1654-4FEE-82D2-62DB86CD0132}
	EndGlobalSection
EndGlobal
